
Microsoft Visual Studio Solution File, Format Version 12.00
# Visual Studio Version 17
VisualStudioVersion = 17.14.36414.22
MinimumVisualStudioVersion = 10.0.40219.1
Project("{FAE04EC0-301F-11D3-BF4B-00C04F79EFBC}") = "EmployeesApp.Web", "EmployeesApp.Web\EmployeesApp.Web.csproj", "{2C762CF8-93E8-4835-9843-40B977094962}"
EndProject
Project("{FAE04EC0-301F-11D3-BF4B-00C04F79EFBC}") = "EmployeesApp.Test", "EmployeesApp.Test\EmployeesApp.Test.csproj", "{143B7B31-1879-4BF0-A4B8-C3DE6FFF1691}"
EndProject
Project("{2150E333-8FDC-42A3-9474-1A3956D46DE8}") = "1. Domain", "1. Domain", "{02EA681E-C7D8-13C7-8484-4AC65E1B71E8}"
EndProject
Project("{2150E333-8FDC-42A3-9474-1A3956D46DE8}") = "2. Application", "2. Application", "{1D5632C7-4A91-4D28-967A-B64878C0AA9C}"
EndProject
Project("{2150E333-8FDC-42A3-9474-1A3956D46DE8}") = "3. Infrastructure", "3. Infrastructure", "{188A83AD-4B05-48FE-8CB8-6562E164AC00}"
EndProject
Project("{2150E333-8FDC-42A3-9474-1A3956D46DE8}") = "4. Presentation", "4. Presentation", "{F86AA2B5-9825-47C2-ADF2-70642B720372}"
EndProject
Project("{2150E333-8FDC-42A3-9474-1A3956D46DE8}") = "5. Test", "5. Test", "{32FFE7A5-8E7E-48B6-BA21-380ABB6A7BBC}"
EndProject
Project("{FAE04EC0-301F-11D3-BF4B-00C04F79EFBC}") = "Entities", "Entities\Entities.csproj", "{90557451-B231-4ACC-9523-5742A9406203}"
EndProject
Project("{FAE04EC0-301F-11D3-BF4B-00C04F79EFBC}") = "Services", "Services\Services.csproj", "{22D57BC9-887A-4F72-B7E4-B6BD3A1B588F}"
EndProject
Project("{FAE04EC0-301F-11D3-BF4B-00C04F79EFBC}") = "EFCore", "EFCore\EFCore.csproj", "{61143FAE-5C01-41C0-BF98-962F8362D2F3}"
EndProject
Project("{FAE04EC0-301F-11D3-BF4B-00C04F79EFBC}") = "MVC", "MVC\MVC.csproj", "{951D0207-5962-4E4A-A911-3224BDC51CD7}"
EndProject
Global
	GlobalSection(SolutionConfigurationPlatforms) = preSolution
		Debug|Any CPU = Debug|Any CPU
		Release|Any CPU = Release|Any CPU
	EndGlobalSection
	GlobalSection(ProjectConfigurationPlatforms) = postSolution
		{2C762CF8-93E8-4835-9843-40B977094962}.Debug|Any CPU.ActiveCfg = Debug|Any CPU
		{2C762CF8-93E8-4835-9843-40B977094962}.Debug|Any CPU.Build.0 = Debug|Any CPU
		{2C762CF8-93E8-4835-9843-40B977094962}.Release|Any CPU.ActiveCfg = Release|Any CPU
		{2C762CF8-93E8-4835-9843-40B977094962}.Release|Any CPU.Build.0 = Release|Any CPU
		{143B7B31-1879-4BF0-A4B8-C3DE6FFF1691}.Debug|Any CPU.ActiveCfg = Debug|Any CPU
		{143B7B31-1879-4BF0-A4B8-C3DE6FFF1691}.Debug|Any CPU.Build.0 = Debug|Any CPU
		{143B7B31-1879-4BF0-A4B8-C3DE6FFF1691}.Release|Any CPU.ActiveCfg = Release|Any CPU
		{143B7B31-1879-4BF0-A4B8-C3DE6FFF1691}.Release|Any CPU.Build.0 = Release|Any CPU
		{90557451-B231-4ACC-9523-5742A9406203}.Debug|Any CPU.ActiveCfg = Debug|Any CPU
		{90557451-B231-4ACC-9523-5742A9406203}.Debug|Any CPU.Build.0 = Debug|Any CPU
		{90557451-B231-4ACC-9523-5742A9406203}.Release|Any CPU.ActiveCfg = Release|Any CPU
		{90557451-B231-4ACC-9523-5742A9406203}.Release|Any CPU.Build.0 = Release|Any CPU
		{22D57BC9-887A-4F72-B7E4-B6BD3A1B588F}.Debug|Any CPU.ActiveCfg = Debug|Any CPU
		{22D57BC9-887A-4F72-B7E4-B6BD3A1B588F}.Debug|Any CPU.Build.0 = Debug|Any CPU
		{22D57BC9-887A-4F72-B7E4-B6BD3A1B588F}.Release|Any CPU.ActiveCfg = Release|Any CPU
		{22D57BC9-887A-4F72-B7E4-B6BD3A1B588F}.Release|Any CPU.Build.0 = Release|Any CPU
		{61143FAE-5C01-41C0-BF98-962F8362D2F3}.Debug|Any CPU.ActiveCfg = Debug|Any CPU
		{61143FAE-5C01-41C0-BF98-962F8362D2F3}.Debug|Any CPU.Build.0 = Debug|Any CPU
		{61143FAE-5C01-41C0-BF98-962F8362D2F3}.Release|Any CPU.ActiveCfg = Release|Any CPU
		{61143FAE-5C01-41C0-BF98-962F8362D2F3}.Release|Any CPU.Build.0 = Release|Any CPU
		{951D0207-5962-4E4A-A911-3224BDC51CD7}.Debug|Any CPU.ActiveCfg = Debug|Any CPU
		{951D0207-5962-4E4A-A911-3224BDC51CD7}.Debug|Any CPU.Build.0 = Debug|Any CPU
		{951D0207-5962-4E4A-A911-3224BDC51CD7}.Release|Any CPU.ActiveCfg = Release|Any CPU
		{951D0207-5962-4E4A-A911-3224BDC51CD7}.Release|Any CPU.Build.0 = Release|Any CPU
	EndGlobalSection
	GlobalSection(SolutionProperties) = preSolution
		HideSolutionNode = FALSE
	EndGlobalSection
	GlobalSection(NestedProjects) = preSolution
		{2C762CF8-93E8-4835-9843-40B977094962} = {F86AA2B5-9825-47C2-ADF2-70642B720372}
		{143B7B31-1879-4BF0-A4B8-C3DE6FFF1691} = {32FFE7A5-8E7E-48B6-BA21-380ABB6A7BBC}
		{90557451-B231-4ACC-9523-5742A9406203} = {02EA681E-C7D8-13C7-8484-4AC65E1B71E8}
		{22D57BC9-887A-4F72-B7E4-B6BD3A1B588F} = {1D5632C7-4A91-4D28-967A-B64878C0AA9C}
		{61143FAE-5C01-41C0-BF98-962F8362D2F3} = {188A83AD-4B05-48FE-8CB8-6562E164AC00}
		{951D0207-5962-4E4A-A911-3224BDC51CD7} = {F86AA2B5-9825-47C2-ADF2-70642B720372}
	EndGlobalSection
	GlobalSection(ExtensibilityGlobals) = postSolution
		SolutionGuid = {31FF4354-AA8D-4FA8-AC49-C286A7D64B97}
	EndGlobalSection
EndGlobal
